
Microsoft Visual Studio Solution File, Format Version 11.00
# Visual Studio 2010
Project("{FAE04EC0-301F-11D3-BF4B-00C04F79EFBC}") = "MetaSoundReadactor", "MetaSoundReadactor\MetaSoundReadactor.csproj", "{4D71D158-20B3-4635-A39B-CC2FE2179955}"
EndProject
Global
	GlobalSection(SolutionConfigurationPlatforms) = preSolution
		Debug|x86 = Debug|x86
		Release|x86 = Release|x86
	EndGlobalSection
	GlobalSection(ProjectConfigurationPlatforms) = postSolution
		{4D71D158-20B3-4635-A39B-CC2FE2179955}.Debug|x86.ActiveCfg = Debug|x86
		{4D71D158-20B3-4635-A39B-CC2FE2179955}.Debug|x86.Build.0 = Debug|x86
		{4D71D158-20B3-4635-A39B-CC2FE2179955}.Release|x86.ActiveCfg = Release|x86
		{4D71D158-20B3-4635-A39B-CC2FE2179955}.Release|x86.Build.0 = Release|x86
	EndGlobalSection
	GlobalSection(SolutionProperties) = preSolution
		HideSolutionNode = FALSE
	EndGlobalSection
EndGlobal
